
Microsoft Visual Studio Solution File, Format Version 12.00
# Visual Studio Version 16
VisualStudioVersion = 16.0.30503.244
MinimumVisualStudioVersion = 10.0.40219.1
Project("{FAE04EC0-301F-11D3-BF4B-00C04F79EFBC}") = "RegexValidate", "RegexValidate\RegexValidate.csproj", "{3D85CCBC-5E01-46AB-8325-CDAF184E8E10}"
EndProject
Global
	GlobalSection(SolutionConfigurationPlatforms) = preSolution
		Debug|Any CPU = Debug|Any CPU
		Release|Any CPU = Release|Any CPU
	EndGlobalSection
	GlobalSection(ProjectConfigurationPlatforms) = postSolution
		{3D85CCBC-5E01-46AB-8325-CDAF184E8E10}.Debug|Any CPU.ActiveCfg = Debug|Any CPU
		{3D85CCBC-5E01-46AB-8325-CDAF184E8E10}.Debug|Any CPU.Build.0 = Debug|Any CPU
		{3D85CCBC-5E01-46AB-8325-CDAF184E8E10}.Release|Any CPU.ActiveCfg = Release|Any CPU
		{3D85CCBC-5E01-46AB-8325-CDAF184E8E10}.Release|Any CPU.Build.0 = Release|Any CPU
	EndGlobalSection
	GlobalSection(SolutionProperties) = preSolution
		HideSolutionNode = FALSE
	EndGlobalSection
	GlobalSection(ExtensibilityGlobals) = postSolution
		SolutionGuid = {0609FC84-B55C-4BF0-864F-E2230DF34E4F}
	EndGlobalSection
EndGlobal
